
Microsoft Visual Studio Solution File, Format Version 12.00
# Visual Studio Version 17
VisualStudioVersion = 17.5.33424.131
MinimumVisualStudioVersion = 10.0.40219.1
Project("{FAE04EC0-301F-11D3-BF4B-00C04F79EFBC}") = "apiMongoDB", "apiMongoDB\apiMongoDB.csproj", "{72FEDE6B-66FE-4AAD-BFE6-F0D613828242}"
EndProject
Global
	GlobalSection(SolutionConfigurationPlatforms) = preSolution
		Debug|Any CPU = Debug|Any CPU
		Release|Any CPU = Release|Any CPU
	EndGlobalSection
	GlobalSection(ProjectConfigurationPlatforms) = postSolution
		{72FEDE6B-66FE-4AAD-BFE6-F0D613828242}.Debug|Any CPU.ActiveCfg = Debug|Any CPU
		{72FEDE6B-66FE-4AAD-BFE6-F0D613828242}.Debug|Any CPU.Build.0 = Debug|Any CPU
		{72FEDE6B-66FE-4AAD-BFE6-F0D613828242}.Release|Any CPU.ActiveCfg = Release|Any CPU
		{72FEDE6B-66FE-4AAD-BFE6-F0D613828242}.Release|Any CPU.Build.0 = Release|Any CPU
	EndGlobalSection
	GlobalSection(SolutionProperties) = preSolution
		HideSolutionNode = FALSE
	EndGlobalSection
	GlobalSection(ExtensibilityGlobals) = postSolution
		SolutionGuid = {4A91CB14-F4C2-4783-9710-30FDE9D7BD14}
	EndGlobalSection
EndGlobal
